
Microsoft Visual Studio Solution File, Format Version 12.00
# Visual Studio Version 17
VisualStudioVersion = 17.1.32210.238
MinimumVisualStudioVersion = 10.0.40219.1
Project("{9A19103F-16F7-4668-BE54-9A1E7A4F7556}") = "BurrowsWheelerTransform", "BurrowsWheelerTransform\BurrowsWheelerTransform.csproj", "{645E81BC-E393-41BD-AA35-9B73567B6D48}"
EndProject
Project("{9A19103F-16F7-4668-BE54-9A1E7A4F7556}") = "TestBurrowsWheelerTransform", "TestBurrowsWheelerTransform\TestBurrowsWheelerTransform.csproj", "{91296AFA-03BF-4539-A6F9-775BEABC2826}"
EndProject
Global
	GlobalSection(SolutionConfigurationPlatforms) = preSolution
		Debug|Any CPU = Debug|Any CPU
		Release|Any CPU = Release|Any CPU
	EndGlobalSection
	GlobalSection(ProjectConfigurationPlatforms) = postSolution
		{645E81BC-E393-41BD-AA35-9B73567B6D48}.Debug|Any CPU.ActiveCfg = Debug|Any CPU
		{645E81BC-E393-41BD-AA35-9B73567B6D48}.Debug|Any CPU.Build.0 = Debug|Any CPU
		{645E81BC-E393-41BD-AA35-9B73567B6D48}.Release|Any CPU.ActiveCfg = Release|Any CPU
		{645E81BC-E393-41BD-AA35-9B73567B6D48}.Release|Any CPU.Build.0 = Release|Any CPU
		{91296AFA-03BF-4539-A6F9-775BEABC2826}.Debug|Any CPU.ActiveCfg = Debug|Any CPU
		{91296AFA-03BF-4539-A6F9-775BEABC2826}.Debug|Any CPU.Build.0 = Debug|Any CPU
		{91296AFA-03BF-4539-A6F9-775BEABC2826}.Release|Any CPU.ActiveCfg = Release|Any CPU
		{91296AFA-03BF-4539-A6F9-775BEABC2826}.Release|Any CPU.Build.0 = Release|Any CPU
	EndGlobalSection
	GlobalSection(SolutionProperties) = preSolution
		HideSolutionNode = FALSE
	EndGlobalSection
	GlobalSection(ExtensibilityGlobals) = postSolution
		SolutionGuid = {CC58B2ED-A12B-4C24-A9E7-592525527E80}
	EndGlobalSection
EndGlobal
