
Microsoft Visual Studio Solution File, Format Version 12.00
# Visual Studio Version 17
VisualStudioVersion = 17.1.32328.378
MinimumVisualStudioVersion = 10.0.40219.1
Project("{FAE04EC0-301F-11D3-BF4B-00C04F79EFBC}") = "Calculator", "Calculator\Calculator.csproj", "{AA661CFD-17A7-407A-A279-8E003F5DB812}"
EndProject
Project("{FAE04EC0-301F-11D3-BF4B-00C04F79EFBC}") = "TestCalculator", "TestCalculator\TestCalculator.csproj", "{D49CDDEA-D0AD-45D2-BF98-4B3AAB027C59}"
EndProject
Global
	GlobalSection(SolutionConfigurationPlatforms) = preSolution
		Debug|Any CPU = Debug|Any CPU
		Release|Any CPU = Release|Any CPU
	EndGlobalSection
	GlobalSection(ProjectConfigurationPlatforms) = postSolution
		{AA661CFD-17A7-407A-A279-8E003F5DB812}.Debug|Any CPU.ActiveCfg = Debug|Any CPU
		{AA661CFD-17A7-407A-A279-8E003F5DB812}.Debug|Any CPU.Build.0 = Debug|Any CPU
		{AA661CFD-17A7-407A-A279-8E003F5DB812}.Release|Any CPU.ActiveCfg = Release|Any CPU
		{AA661CFD-17A7-407A-A279-8E003F5DB812}.Release|Any CPU.Build.0 = Release|Any CPU
		{D49CDDEA-D0AD-45D2-BF98-4B3AAB027C59}.Debug|Any CPU.ActiveCfg = Debug|Any CPU
		{D49CDDEA-D0AD-45D2-BF98-4B3AAB027C59}.Debug|Any CPU.Build.0 = Debug|Any CPU
		{D49CDDEA-D0AD-45D2-BF98-4B3AAB027C59}.Release|Any CPU.ActiveCfg = Release|Any CPU
		{D49CDDEA-D0AD-45D2-BF98-4B3AAB027C59}.Release|Any CPU.Build.0 = Release|Any CPU
	EndGlobalSection
	GlobalSection(SolutionProperties) = preSolution
		HideSolutionNode = FALSE
	EndGlobalSection
	GlobalSection(ExtensibilityGlobals) = postSolution
		SolutionGuid = {6B5AF291-04A2-4889-A9EF-EA812796302C}
	EndGlobalSection
EndGlobal
