
Microsoft Visual Studio Solution File, Format Version 12.00
# Visual Studio Version 17
VisualStudioVersion = 17.1.32210.238
MinimumVisualStudioVersion = 10.0.40219.1
Project("{9A19103F-16F7-4668-BE54-9A1E7A4F7556}") = "Bor", "Bor\Bor.csproj", "{A5948E4C-54A6-49B2-AD93-A2C768CF3B7B}"
EndProject
Project("{9A19103F-16F7-4668-BE54-9A1E7A4F7556}") = "BorTest", "BorTest\BorTest.csproj", "{82DAD3CF-7041-4300-B987-4CF0FD1C3E52}"
EndProject
Global
	GlobalSection(SolutionConfigurationPlatforms) = preSolution
		Debug|Any CPU = Debug|Any CPU
		Release|Any CPU = Release|Any CPU
	EndGlobalSection
	GlobalSection(ProjectConfigurationPlatforms) = postSolution
		{A5948E4C-54A6-49B2-AD93-A2C768CF3B7B}.Debug|Any CPU.ActiveCfg = Debug|Any CPU
		{A5948E4C-54A6-49B2-AD93-A2C768CF3B7B}.Debug|Any CPU.Build.0 = Debug|Any CPU
		{A5948E4C-54A6-49B2-AD93-A2C768CF3B7B}.Release|Any CPU.ActiveCfg = Release|Any CPU
		{A5948E4C-54A6-49B2-AD93-A2C768CF3B7B}.Release|Any CPU.Build.0 = Release|Any CPU
		{82DAD3CF-7041-4300-B987-4CF0FD1C3E52}.Debug|Any CPU.ActiveCfg = Debug|Any CPU
		{82DAD3CF-7041-4300-B987-4CF0FD1C3E52}.Debug|Any CPU.Build.0 = Debug|Any CPU
		{82DAD3CF-7041-4300-B987-4CF0FD1C3E52}.Release|Any CPU.ActiveCfg = Release|Any CPU
		{82DAD3CF-7041-4300-B987-4CF0FD1C3E52}.Release|Any CPU.Build.0 = Release|Any CPU
	EndGlobalSection
	GlobalSection(SolutionProperties) = preSolution
		HideSolutionNode = FALSE
	EndGlobalSection
	GlobalSection(ExtensibilityGlobals) = postSolution
		SolutionGuid = {EEBE94E6-045F-4E20-8C45-A352B7E2EEA7}
	EndGlobalSection
EndGlobal
